// !$*UTF8*$!
{
	archiveVersion = 1;
	classes = {
	};
	objectVersion = 56;
	objects = {

/* Begin PBXBuildFile section */
		6304494E2A69FFEC00AA5CEF /* WonderSproutsApp_v4App.swift in Sources */ = {isa = PBXBuildFile; fileRef = 6304494D2A69FFEC00AA5CEF /* WonderSproutsApp_v4App.swift */; };
		630449502A69FFEC00AA5CEF /* ContentView.swift in Sources */ = {isa = PBXBuildFile; fileRef = 6304494F2A69FFEC00AA5CEF /* ContentView.swift */; };
		630449522A69FFEE00AA5CEF /* Assets.xcassets in Resources */ = {isa = PBXBuildFile; fileRef = 630449512A69FFEE00AA5CEF /* Assets.xcassets */; };
		630449562A69FFEE00AA5CEF /* Preview Assets.xcassets in Resources */ = {isa = PBXBuildFile; fileRef = 630449552A69FFEE00AA5CEF /* Preview Assets.xcassets */; };
		6304495D2A6A00B800AA5CEF /* StoryBuilderView.swift in Sources */ = {isa = PBXBuildFile; fileRef = 6304495C2A6A00B800AA5CEF /* StoryBuilderView.swift */; };
		6304495F2A6A00FC00AA5CEF /* SettingsView.swift in Sources */ = {isa = PBXBuildFile; fileRef = 6304495E2A6A00FC00AA5CEF /* SettingsView.swift */; };
		630449612A6A010500AA5CEF /* ProfileView.swift in Sources */ = {isa = PBXBuildFile; fileRef = 630449602A6A010500AA5CEF /* ProfileView.swift */; };
		630449632A6A02C900AA5CEF /* CustomPickerView.swift in Sources */ = {isa = PBXBuildFile; fileRef = 630449622A6A02C900AA5CEF /* CustomPickerView.swift */; };
		630449652A6A031500AA5CEF /* AppTheme.swift in Sources */ = {isa = PBXBuildFile; fileRef = 630449642A6A031500AA5CEF /* AppTheme.swift */; };
		630449822A6B5F2F00AA5CEF /* StoryView.swift in Sources */ = {isa = PBXBuildFile; fileRef = 630449812A6B5F2F00AA5CEF /* StoryView.swift */; };
		631A1D982A6D8D09000941EC /* PopularStoryViews.swift in Sources */ = {isa = PBXBuildFile; fileRef = 631A1D972A6D8D09000941EC /* PopularStoryViews.swift */; };
		631A1D9A2A6DA34F000941EC /* MenuView.swift in Sources */ = {isa = PBXBuildFile; fileRef = 631A1D992A6DA34F000941EC /* MenuView.swift */; };
		636484122A6F487A0093D0C5 /* gigiTheGiraffe.json in Resources */ = {isa = PBXBuildFile; fileRef = 636484102A6F487A0093D0C5 /* gigiTheGiraffe.json */; };
		636484132A6F487A0093D0C5 /* gigiTheGiraffe.mp3 in Resources */ = {isa = PBXBuildFile; fileRef = 636484112A6F487A0093D0C5 /* gigiTheGiraffe.mp3 */; };
		636484162A6F64880093D0C5 /* combined_story_male.json in Resources */ = {isa = PBXBuildFile; fileRef = 636484142A6F64870093D0C5 /* combined_story_male.json */; };
		636484172A6F64880093D0C5 /* combined_story_male.mp3 in Resources */ = {isa = PBXBuildFile; fileRef = 636484152A6F64880093D0C5 /* combined_story_male.mp3 */; };
		6364841A2A6F679C0093D0C5 /* combined_story_female.mp3 in Resources */ = {isa = PBXBuildFile; fileRef = 636484182A6F679C0093D0C5 /* combined_story_female.mp3 */; };
		6364841B2A6F679C0093D0C5 /* combined_story_female.json in Resources */ = {isa = PBXBuildFile; fileRef = 636484192A6F679C0093D0C5 /* combined_story_female.json */; };
		6364841D2A70375F0093D0C5 /* readme.md in Resources */ = {isa = PBXBuildFile; fileRef = 6364841C2A70375F0093D0C5 /* readme.md */; };
/* End PBXBuildFile section */

/* Begin PBXFileReference section */
		6304494A2A69FFEC00AA5CEF /* WonderSproutsApp_v4.app */ = {isa = PBXFileReference; explicitFileType = wrapper.application; includeInIndex = 0; path = WonderSproutsApp_v4.app; sourceTree = BUILT_PRODUCTS_DIR; };
		6304494D2A69FFEC00AA5CEF /* WonderSproutsApp_v4App.swift */ = {isa = PBXFileReference; lastKnownFileType = sourcecode.swift; path = WonderSproutsApp_v4App.swift; sourceTree = "<group>"; };
		6304494F2A69FFEC00AA5CEF /* ContentView.swift */ = {isa = PBXFileReference; lastKnownFileType = sourcecode.swift; path = ContentView.swift; sourceTree = "<group>"; };
		630449512A69FFEE00AA5CEF /* Assets.xcassets */ = {isa = PBXFileReference; lastKnownFileType = folder.assetcatalog; path = Assets.xcassets; sourceTree = "<group>"; };
		630449532A69FFEE00AA5CEF /* WonderSproutsApp_v4.entitlements */ = {isa = PBXFileReference; lastKnownFileType = text.plist.entitlements; path = WonderSproutsApp_v4.entitlements; sourceTree = "<group>"; };
		630449552A69FFEE00AA5CEF /* Preview Assets.xcassets */ = {isa = PBXFileReference; lastKnownFileType = folder.assetcatalog; path = "Preview Assets.xcassets"; sourceTree = "<group>"; };
		6304495C2A6A00B800AA5CEF /* StoryBuilderView.swift */ = {isa = PBXFileReference; lastKnownFileType = sourcecode.swift; path = StoryBuilderView.swift; sourceTree = "<group>"; };
		6304495E2A6A00FC00AA5CEF /* SettingsView.swift */ = {isa = PBXFileReference; lastKnownFileType = sourcecode.swift; path = SettingsView.swift; sourceTree = "<group>"; };
		630449602A6A010500AA5CEF /* ProfileView.swift */ = {isa = PBXFileReference; lastKnownFileType = sourcecode.swift; path = ProfileView.swift; sourceTree = "<group>"; };
		630449622A6A02C900AA5CEF /* CustomPickerView.swift */ = {isa = PBXFileReference; lastKnownFileType = sourcecode.swift; path = CustomPickerView.swift; sourceTree = "<group>"; };
		630449642A6A031500AA5CEF /* AppTheme.swift */ = {isa = PBXFileReference; lastKnownFileType = sourcecode.swift; path = AppTheme.swift; sourceTree = "<group>"; };
		630449812A6B5F2F00AA5CEF /* StoryView.swift */ = {isa = PBXFileReference; lastKnownFileType = sourcecode.swift; path = StoryView.swift; sourceTree = "<group>"; };
		631A1D972A6D8D09000941EC /* PopularStoryViews.swift */ = {isa = PBXFileReference; lastKnownFileType = sourcecode.swift; path = PopularStoryViews.swift; sourceTree = "<group>"; };
		631A1D992A6DA34F000941EC /* MenuView.swift */ = {isa = PBXFileReference; lastKnownFileType = sourcecode.swift; path = MenuView.swift; sourceTree = "<group>"; };
		636484102A6F487A0093D0C5 /* gigiTheGiraffe.json */ = {isa = PBXFileReference; fileEncoding = 4; lastKnownFileType = text.json; path = gigiTheGiraffe.json; sourceTree = "<group>"; };
		636484112A6F487A0093D0C5 /* gigiTheGiraffe.mp3 */ = {isa = PBXFileReference; lastKnownFileType = audio.mp3; path = gigiTheGiraffe.mp3; sourceTree = "<group>"; };
		636484142A6F64870093D0C5 /* combined_story_male.json */ = {isa = PBXFileReference; fileEncoding = 4; lastKnownFileType = text.json; path = combined_story_male.json; sourceTree = "<group>"; };
		636484152A6F64880093D0C5 /* combined_story_male.mp3 */ = {isa = PBXFileReference; lastKnownFileType = audio.mp3; path = combined_story_male.mp3; sourceTree = "<group>"; };
		636484182A6F679C0093D0C5 /* combined_story_female.mp3 */ = {isa = PBXFileReference; lastKnownFileType = audio.mp3; path = combined_story_female.mp3; sourceTree = "<group>"; };
		636484192A6F679C0093D0C5 /* combined_story_female.json */ = {isa = PBXFileReference; fileEncoding = 4; lastKnownFileType = text.json; path = combined_story_female.json; sourceTree = "<group>"; };
		6364841C2A70375F0093D0C5 /* readme.md */ = {isa = PBXFileReference; fileEncoding = 4; lastKnownFileType = net.daringfireball.markdown; path = readme.md; sourceTree = "<group>"; };
/* End PBXFileReference section */

/* Begin PBXFrameworksBuildPhase section */
		630449472A69FFEC00AA5CEF /* Frameworks */ = {
			isa = PBXFrameworksBuildPhase;
			buildActionMask = 2147483647;
			files = (
			);
			runOnlyForDeploymentPostprocessing = 0;
		};
/* End PBXFrameworksBuildPhase section */

/* Begin PBXGroup section */
		630449412A69FFEC00AA5CEF = {
			isa = PBXGroup;
			children = (
				6364841C2A70375F0093D0C5 /* readme.md */,
				6304494C2A69FFEC00AA5CEF /* WonderSproutsApp_v4 */,
				6304494B2A69FFEC00AA5CEF /* Products */,
			);
			sourceTree = "<group>";
		};
		6304494B2A69FFEC00AA5CEF /* Products */ = {
			isa = PBXGroup;
			children = (
				6304494A2A69FFEC00AA5CEF /* WonderSproutsApp_v4.app */,
			);
			name = Products;
			sourceTree = "<group>";
		};
		6304494C2A69FFEC00AA5CEF /* WonderSproutsApp_v4 */ = {
			isa = PBXGroup;
			children = (
				631A1D992A6DA34F000941EC /* MenuView.swift */,
				6304494D2A69FFEC00AA5CEF /* WonderSproutsApp_v4App.swift */,
				6304495C2A6A00B800AA5CEF /* StoryBuilderView.swift */,
				6304494F2A69FFEC00AA5CEF /* ContentView.swift */,
				630449642A6A031500AA5CEF /* AppTheme.swift */,
				630449622A6A02C900AA5CEF /* CustomPickerView.swift */,
				6304495E2A6A00FC00AA5CEF /* SettingsView.swift */,
				630449602A6A010500AA5CEF /* ProfileView.swift */,
				630449812A6B5F2F00AA5CEF /* StoryView.swift */,
				631A1D972A6D8D09000941EC /* PopularStoryViews.swift */,
				630449512A69FFEE00AA5CEF /* Assets.xcassets */,
				630449532A69FFEE00AA5CEF /* WonderSproutsApp_v4.entitlements */,
				630449542A69FFEE00AA5CEF /* Preview Content */,
			);
			path = WonderSproutsApp_v4;
			sourceTree = "<group>";
		};
		630449542A69FFEE00AA5CEF /* Preview Content */ = {
			isa = PBXGroup;
			children = (
				631A1DC52A6E3401000941EC /* audiofiles */,
				630449552A69FFEE00AA5CEF /* Preview Assets.xcassets */,
			);
			path = "Preview Content";
			sourceTree = "<group>";
		};
		631A1DC52A6E3401000941EC /* audiofiles */ = {
			isa = PBXGroup;
			children = (
				636484142A6F64870093D0C5 /* combined_story_male.json */,
				636484152A6F64880093D0C5 /* combined_story_male.mp3 */,
				636484192A6F679C0093D0C5 /* combined_story_female.json */,
				636484182A6F679C0093D0C5 /* combined_story_female.mp3 */,
				636484102A6F487A0093D0C5 /* gigiTheGiraffe.json */,
				636484112A6F487A0093D0C5 /* gigiTheGiraffe.mp3 */,
			);
			path = audiofiles;
			sourceTree = "<group>";
		};
/* End PBXGroup section */

/* Begin PBXNativeTarget section */
		630449492A69FFEC00AA5CEF /* WonderSproutsApp_v4 */ = {
			isa = PBXNativeTarget;
			buildConfigurationList = 630449592A69FFEE00AA5CEF /* Build configuration list for PBXNativeTarget "WonderSproutsApp_v4" */;
			buildPhases = (
				630449462A69FFEC00AA5CEF /* Sources */,
				630449472A69FFEC00AA5CEF /* Frameworks */,
				630449482A69FFEC00AA5CEF /* Resources */,
			);
			buildRules = (
			);
			dependencies = (
			);
			name = WonderSproutsApp_v4;
			productName = WonderSproutsApp_v4;
			productReference = 6304494A2A69FFEC00AA5CEF /* WonderSproutsApp_v4.app */;
			productType = "com.apple.product-type.application";
		};
/* End PBXNativeTarget section */

/* Begin PBXProject section */
		630449422A69FFEC00AA5CEF /* Project object */ = {
			isa = PBXProject;
			attributes = {
				BuildIndependentTargetsInParallel = 1;
				LastSwiftUpdateCheck = 1430;
				LastUpgradeCheck = 1430;
				TargetAttributes = {
					630449492A69FFEC00AA5CEF = {
						CreatedOnToolsVersion = 14.3.1;
					};
				};
			};
			buildConfigurationList = 630449452A69FFEC00AA5CEF /* Build configuration list for PBXProject "WonderSproutsApp_v4" */;
			compatibilityVersion = "Xcode 14.0";
			developmentRegion = en;
			hasScannedForEncodings = 0;
			knownRegions = (
				en,
				Base,
			);
			mainGroup = 630449412A69FFEC00AA5CEF;
			productRefGroup = 6304494B2A69FFEC00AA5CEF /* Products */;
			projectDirPath = "";
			projectRoot = "";
			targets = (
				630449492A69FFEC00AA5CEF /* WonderSproutsApp_v4 */,
			);
		};
/* End PBXProject section */

/* Begin PBXResourcesBuildPhase section */
		630449482A69FFEC00AA5CEF /* Resources */ = {
			isa = PBXResourcesBuildPhase;
			buildActionMask = 2147483647;
			files = (
				630449562A69FFEE00AA5CEF /* Preview Assets.xcassets in Resources */,
				6364841D2A70375F0093D0C5 /* readme.md in Resources */,
				6364841A2A6F679C0093D0C5 /* combined_story_female.mp3 in Resources */,
				636484132A6F487A0093D0C5 /* gigiTheGiraffe.mp3 in Resources */,
				636484162A6F64880093D0C5 /* combined_story_male.json in Resources */,
				6364841B2A6F679C0093D0C5 /* combined_story_female.json in Resources */,
				630449522A69FFEE00AA5CEF /* Assets.xcassets in Resources */,
				636484122A6F487A0093D0C5 /* gigiTheGiraffe.json in Resources */,
				636484172A6F64880093D0C5 /* combined_story_male.mp3 in Resources */,
			);
			runOnlyForDeploymentPostprocessing = 0;
		};
/* End PBXResourcesBuildPhase section */

/* Begin PBXSourcesBuildPhase section */
		630449462A69FFEC00AA5CEF /* Sources */ = {
			isa = PBXSourcesBuildPhase;
			buildActionMask = 2147483647;
			files = (
				630449652A6A031500AA5CEF /* AppTheme.swift in Sources */,
				630449502A69FFEC00AA5CEF /* ContentView.swift in Sources */,
				6304495F2A6A00FC00AA5CEF /* SettingsView.swift in Sources */,
				630449612A6A010500AA5CEF /* ProfileView.swift in Sources */,
				631A1D982A6D8D09000941EC /* PopularStoryViews.swift in Sources */,
				631A1D9A2A6DA34F000941EC /* MenuView.swift in Sources */,
				630449632A6A02C900AA5CEF /* CustomPickerView.swift in Sources */,
				6304495D2A6A00B800AA5CEF /* StoryBuilderView.swift in Sources */,
				630449822A6B5F2F00AA5CEF /* StoryView.swift in Sources */,
				6304494E2A69FFEC00AA5CEF /* WonderSproutsApp_v4App.swift in Sources */,
			);
			runOnlyForDeploymentPostprocessing = 0;
		};
/* End PBXSourcesBuildPhase section */

/* Begin XCBuildConfiguration section */
		630449572A69FFEE00AA5CEF /* Debug */ = {
			isa = XCBuildConfiguration;
			buildSettings = {
				ALWAYS_SEARCH_USER_PATHS = NO;
				CLANG_ANALYZER_NONNULL = YES;
				CLANG_ANALYZER_NUMBER_OBJECT_CONVERSION = YES_AGGRESSIVE;
				CLANG_CXX_LANGUAGE_STANDARD = "gnu++20";
				CLANG_ENABLE_MODULES = YES;
				CLANG_ENABLE_OBJC_ARC = YES;
				CLANG_ENABLE_OBJC_WEAK = YES;
				CLANG_WARN_BLOCK_CAPTURE_AUTORELEASING = YES;
				CLANG_WARN_BOOL_CONVERSION = YES;
				CLANG_WARN_COMMA = YES;
				CLANG_WARN_CONSTANT_CONVERSION = YES;
				CLANG_WARN_DEPRECATED_OBJC_IMPLEMENTATIONS = YES;
				CLANG_WARN_DIRECT_OBJC_ISA_USAGE = YES_ERROR;
				CLANG_WARN_DOCUMENTATION_COMMENTS = YES;
				CLANG_WARN_EMPTY_BODY = YES;
				CLANG_WARN_ENUM_CONVERSION = YES;
				CLANG_WARN_INFINITE_RECURSION = YES;
				CLANG_WARN_INT_CONVERSION = YES;
				CLANG_WARN_NON_LITERAL_NULL_CONVERSION = YES;
				CLANG_WARN_OBJC_IMPLICIT_RETAIN_SELF = YES;
				CLANG_WARN_OBJC_LITERAL_CONVERSION = YES;
				CLANG_WARN_OBJC_ROOT_CLASS = YES_ERROR;
				CLANG_WARN_QUOTED_INCLUDE_IN_FRAMEWORK_HEADER = YES;
				CLANG_WARN_RANGE_LOOP_ANALYSIS = YES;
				CLANG_WARN_STRICT_PROTOTYPES = YES;
				CLANG_WARN_SUSPICIOUS_MOVE = YES;
				CLANG_WARN_UNGUARDED_AVAILABILITY = YES_AGGRESSIVE;
				CLANG_WARN_UNREACHABLE_CODE = YES;
				CLANG_WARN__DUPLICATE_METHOD_MATCH = YES;
				COPY_PHASE_STRIP = NO;
				DEBUG_INFORMATION_FORMAT = dwarf;
				ENABLE_STRICT_OBJC_MSGSEND = YES;
				ENABLE_TESTABILITY = YES;
				GCC_C_LANGUAGE_STANDARD = gnu11;
				GCC_DYNAMIC_NO_PIC = NO;
				GCC_NO_COMMON_BLOCKS = YES;
				GCC_OPTIMIZATION_LEVEL = 0;
				GCC_PREPROCESSOR_DEFINITIONS = (
					"DEBUG=1",
					"$(inherited)",
				);
				GCC_WARN_64_TO_32_BIT_CONVERSION = YES;
				GCC_WARN_ABOUT_RETURN_TYPE = YES_ERROR;
				GCC_WARN_UNDECLARED_SELECTOR = YES;
				GCC_WARN_UNINITIALIZED_AUTOS = YES_AGGRESSIVE;
				GCC_WARN_UNUSED_FUNCTION = YES;
				GCC_WARN_UNUSED_VARIABLE = YES;
				MTL_ENABLE_DEBUG_INFO = INCLUDE_SOURCE;
				MTL_FAST_MATH = YES;
				ONLY_ACTIVE_ARCH = YES;
				SWIFT_ACTIVE_COMPILATION_CONDITIONS = DEBUG;
				SWIFT_OPTIMIZATION_LEVEL = "-Onone";
			};
			name = Debug;
		};
		630449582A69FFEE00AA5CEF /* Release */ = {
			isa = XCBuildConfiguration;
			buildSettings = {
				ALWAYS_SEARCH_USER_PATHS = NO;
				CLANG_ANALYZER_NONNULL = YES;
				CLANG_ANALYZER_NUMBER_OBJECT_CONVERSION = YES_AGGRESSIVE;
				CLANG_CXX_LANGUAGE_STANDARD = "gnu++20";
				CLANG_ENABLE_MODULES = YES;
				CLANG_ENABLE_OBJC_ARC = YES;
				CLANG_ENABLE_OBJC_WEAK = YES;
				CLANG_WARN_BLOCK_CAPTURE_AUTORELEASING = YES;
				CLANG_WARN_BOOL_CONVERSION = YES;
				CLANG_WARN_COMMA = YES;
				CLANG_WARN_CONSTANT_CONVERSION = YES;
				CLANG_WARN_DEPRECATED_OBJC_IMPLEMENTATIONS = YES;
				CLANG_WARN_DIRECT_OBJC_ISA_USAGE = YES_ERROR;
				CLANG_WARN_DOCUMENTATION_COMMENTS = YES;
				CLANG_WARN_EMPTY_BODY = YES;
				CLANG_WARN_ENUM_CONVERSION = YES;
				CLANG_WARN_INFINITE_RECURSION = YES;
				CLANG_WARN_INT_CONVERSION = YES;
				CLANG_WARN_NON_LITERAL_NULL_CONVERSION = YES;
				CLANG_WARN_OBJC_IMPLICIT_RETAIN_SELF = YES;
				CLANG_WARN_OBJC_LITERAL_CONVERSION = YES;
				CLANG_WARN_OBJC_ROOT_CLASS = YES_ERROR;
				CLANG_WARN_QUOTED_INCLUDE_IN_FRAMEWORK_HEADER = YES;
				CLANG_WARN_RANGE_LOOP_ANALYSIS = YES;
				CLANG_WARN_STRICT_PROTOTYPES = YES;
				CLANG_WARN_SUSPICIOUS_MOVE = YES;
				CLANG_WARN_UNGUARDED_AVAILABILITY = YES_AGGRESSIVE;
				CLANG_WARN_UNREACHABLE_CODE = YES;
				CLANG_WARN__DUPLICATE_METHOD_MATCH = YES;
				COPY_PHASE_STRIP = NO;
				DEBUG_INFORMATION_FORMAT = "dwarf-with-dsym";
				ENABLE_NS_ASSERTIONS = NO;
				ENABLE_STRICT_OBJC_MSGSEND = YES;
				GCC_C_LANGUAGE_STANDARD = gnu11;
				GCC_NO_COMMON_BLOCKS = YES;
				GCC_WARN_64_TO_32_BIT_CONVERSION = YES;
				GCC_WARN_ABOUT_RETURN_TYPE = YES_ERROR;
				GCC_WARN_UNDECLARED_SELECTOR = YES;
				GCC_WARN_UNINITIALIZED_AUTOS = YES_AGGRESSIVE;
				GCC_WARN_UNUSED_FUNCTION = YES;
				GCC_WARN_UNUSED_VARIABLE = YES;
				MTL_ENABLE_DEBUG_INFO = NO;
				MTL_FAST_MATH = YES;
				SWIFT_COMPILATION_MODE = wholemodule;
				SWIFT_OPTIMIZATION_LEVEL = "-O";
			};
			name = Release;
		};
		6304495A2A69FFEE00AA5CEF /* Debug */ = {
			isa = XCBuildConfiguration;
			buildSettings = {
				ASSETCATALOG_COMPILER_APPICON_NAME = AppIcon;
				ASSETCATALOG_COMPILER_GLOBAL_ACCENT_COLOR_NAME = AccentColor;
				CODE_SIGN_ENTITLEMENTS = WonderSproutsApp_v4/WonderSproutsApp_v4.entitlements;
				CODE_SIGN_STYLE = Automatic;
				CURRENT_PROJECT_VERSION = 1;
				DEVELOPMENT_ASSET_PATHS = "\"WonderSproutsApp_v4/Preview Content\"";
				DEVELOPMENT_TEAM = 9SU8JZXMVJ;
				ENABLE_HARDENED_RUNTIME = YES;
				ENABLE_PREVIEWS = YES;
				GENERATE_INFOPLIST_FILE = YES;
				"INFOPLIST_KEY_UIApplicationSceneManifest_Generation[sdk=iphoneos*]" = YES;
				"INFOPLIST_KEY_UIApplicationSceneManifest_Generation[sdk=iphonesimulator*]" = YES;
				"INFOPLIST_KEY_UIApplicationSupportsIndirectInputEvents[sdk=iphoneos*]" = YES;
				"INFOPLIST_KEY_UIApplicationSupportsIndirectInputEvents[sdk=iphonesimulator*]" = YES;
				"INFOPLIST_KEY_UILaunchScreen_Generation[sdk=iphoneos*]" = YES;
				"INFOPLIST_KEY_UILaunchScreen_Generation[sdk=iphonesimulator*]" = YES;
				"INFOPLIST_KEY_UIStatusBarStyle[sdk=iphoneos*]" = UIStatusBarStyleDefault;
				"INFOPLIST_KEY_UIStatusBarStyle[sdk=iphonesimulator*]" = UIStatusBarStyleDefault;
				INFOPLIST_KEY_UISupportedInterfaceOrientations_iPad = "UIInterfaceOrientationPortrait UIInterfaceOrientationPortraitUpsideDown UIInterfaceOrientationLandscapeLeft UIInterfaceOrientationLandscapeRight";
				INFOPLIST_KEY_UISupportedInterfaceOrientations_iPhone = "UIInterfaceOrientationPortrait UIInterfaceOrientationLandscapeLeft UIInterfaceOrientationLandscapeRight";
				IPHONEOS_DEPLOYMENT_TARGET = 16.4;
				LD_RUNPATH_SEARCH_PATHS = "@executable_path/Frameworks";
				"LD_RUNPATH_SEARCH_PATHS[sdk=macosx*]" = "@executable_path/../Frameworks";
				MACOSX_DEPLOYMENT_TARGET = 13.3;
				MARKETING_VERSION = 1.0;
				PRODUCT_BUNDLE_IDENTIFIER = "com.CharlesAtchison.WonderSproutsApp-v4";
				PRODUCT_NAME = "$(TARGET_NAME)";
				SDKROOT = auto;
				SUPPORTED_PLATFORMS = "iphoneos iphonesimulator macosx";
				SWIFT_EMIT_LOC_STRINGS = YES;
				SWIFT_VERSION = 5.0;
				TARGETED_DEVICE_FAMILY = "1,2";
			};
			name = Debug;
		};
		6304495B2A69FFEE00AA5CEF /* Release */ = {
			isa = XCBuildConfiguration;
			buildSettings = {
				ASSETCATALOG_COMPILER_APPICON_NAME = AppIcon;
				ASSETCATALOG_COMPILER_GLOBAL_ACCENT_COLOR_NAME = AccentColor;
				CODE_SIGN_ENTITLEMENTS = WonderSproutsApp_v4/WonderSproutsApp_v4.entitlements;
				CODE_SIGN_STYLE = Automatic;
				CURRENT_PROJECT_VERSION = 1;
				DEVELOPMENT_ASSET_PATHS = "\"WonderSproutsApp_v4/Preview Content\"";
				DEVELOPMENT_TEAM = 9SU8JZXMVJ;
				ENABLE_HARDENED_RUNTIME = YES;
				ENABLE_PREVIEWS = YES;
				GENERATE_INFOPLIST_FILE = YES;
				"INFOPLIST_KEY_UIApplicationSceneManifest_Generation[sdk=iphoneos*]" = YES;
				"INFOPLIST_KEY_UIApplicationSceneManifest_Generation[sdk=iphonesimulator*]" = YES;
				"INFOPLIST_KEY_UIApplicationSupportsIndirectInputEvents[sdk=iphoneos*]" = YES;
				"INFOPLIST_KEY_UIApplicationSupportsIndirectInputEvents[sdk=iphonesimulator*]" = YES;
				"INFOPLIST_KEY_UILaunchScreen_Generation[sdk=iphoneos*]" = YES;
				"INFOPLIST_KEY_UILaunchScreen_Generation[sdk=iphonesimulator*]" = YES;
				"INFOPLIST_KEY_UIStatusBarStyle[sdk=iphoneos*]" = UIStatusBarStyleDefault;
				"INFOPLIST_KEY_UIStatusBarStyle[sdk=iphonesimulator*]" = UIStatusBarStyleDefault;
				INFOPLIST_KEY_UISupportedInterfaceOrientations_iPad = "UIInterfaceOrientationPortrait UIInterfaceOrientationPortraitUpsideDown UIInterfaceOrientationLandscapeLeft UIInterfaceOrientationLandscapeRight";
				INFOPLIST_KEY_UISupportedInterfaceOrientations_iPhone = "UIInterfaceOrientationPortrait UIInterfaceOrientationLandscapeLeft UIInterfaceOrientationLandscapeRight";
				IPHONEOS_DEPLOYMENT_TARGET = 16.4;
				LD_RUNPATH_SEARCH_PATHS = "@executable_path/Frameworks";
				"LD_RUNPATH_SEARCH_PATHS[sdk=macosx*]" = "@executable_path/../Frameworks";
				MACOSX_DEPLOYMENT_TARGET = 13.3;
				MARKETING_VERSION = 1.0;
				PRODUCT_BUNDLE_IDENTIFIER = "com.CharlesAtchison.WonderSproutsApp-v4";
				PRODUCT_NAME = "$(TARGET_NAME)";
				SDKROOT = auto;
				SUPPORTED_PLATFORMS = "iphoneos iphonesimulator macosx";
				SWIFT_EMIT_LOC_STRINGS = YES;
				SWIFT_VERSION = 5.0;
				TARGETED_DEVICE_FAMILY = "1,2";
			};
			name = Release;
		};
/* End XCBuildConfiguration section */

/* Begin XCConfigurationList section */
		630449452A69FFEC00AA5CEF /* Build configuration list for PBXProject "WonderSproutsApp_v4" */ = {
			isa = XCConfigurationList;
			buildConfigurations = (
				630449572A69FFEE00AA5CEF /* Debug */,
				630449582A69FFEE00AA5CEF /* Release */,
			);
			defaultConfigurationIsVisible = 0;
			defaultConfigurationName = Release;
		};
		630449592A69FFEE00AA5CEF /* Build configuration list for PBXNativeTarget "WonderSproutsApp_v4" */ = {
			isa = XCConfigurationList;
			buildConfigurations = (
				6304495A2A69FFEE00AA5CEF /* Debug */,
				6304495B2A69FFEE00AA5CEF /* Release */,
			);
			defaultConfigurationIsVisible = 0;
			defaultConfigurationName = Release;
		};
/* End XCConfigurationList section */
	};
	rootObject = 630449422A69FFEC00AA5CEF /* Project object */;
}
